
Microsoft Visual Studio Solution File, Format Version 12.00
# Visual Studio 15
VisualStudioVersion = 15.0.27130.2010
MinimumVisualStudioVersion = 10.0.40219.1
Project("{FAE04EC0-301F-11D3-BF4B-00C04F79EFBC}") = "ResumeWebsite", "ResumeWebsite\ResumeWebsite.csproj", "{BFF1D7BA-B636-400A-9289-1A5B77E1CF4A}"
EndProject
Project("{2150E333-8FDC-42A3-9474-1A3956D46DE8}") = "Solution Items", "Solution Items", "{D80FC153-48E2-4D39-912E-80C75D292955}"
EndProject
Global
	GlobalSection(SolutionConfigurationPlatforms) = preSolution
		Debug|Any CPU = Debug|Any CPU
		Release|Any CPU = Release|Any CPU
	EndGlobalSection
	GlobalSection(ProjectConfigurationPlatforms) = postSolution
		{BFF1D7BA-B636-400A-9289-1A5B77E1CF4A}.Debug|Any CPU.ActiveCfg = Debug|Any CPU
		{BFF1D7BA-B636-400A-9289-1A5B77E1CF4A}.Debug|Any CPU.Build.0 = Debug|Any CPU
		{BFF1D7BA-B636-400A-9289-1A5B77E1CF4A}.Release|Any CPU.ActiveCfg = Release|Any CPU
		{BFF1D7BA-B636-400A-9289-1A5B77E1CF4A}.Release|Any CPU.Build.0 = Release|Any CPU
	EndGlobalSection
	GlobalSection(SolutionProperties) = preSolution
		HideSolutionNode = FALSE
	EndGlobalSection
	GlobalSection(ExtensibilityGlobals) = postSolution
		SolutionGuid = {F26226C6-C836-45EB-A120-526F70BE5692}
	EndGlobalSection
EndGlobal
